// !$*UTF8*$!
{
	archiveVersion = 1;
	classes = {
	};
	objectVersion = 46;
	objects = {

/* Begin PBXBuildFile section */
		1F55ACC01B612E5D003058C7 /* AppDelegate.swift in Sources */ = {isa = PBXBuildFile; fileRef = 1F55ACBF1B612E5D003058C7 /* AppDelegate.swift */; };
		1F55ACC21B612E5D003058C7 /* RGBViewController.swift in Sources */ = {isa = PBXBuildFile; fileRef = 1F55ACC11B612E5D003058C7 /* RGBViewController.swift */; };
		1F55ACC41B612E5D003058C7 /* HSVViewController.swift in Sources */ = {isa = PBXBuildFile; fileRef = 1F55ACC31B612E5D003058C7 /* HSVViewController.swift */; };
		1F55ACC71B612E5D003058C7 /* Main.storyboard in Resources */ = {isa = PBXBuildFile; fileRef = 1F55ACC51B612E5D003058C7 /* Main.storyboard */; };
		1F55ACC91B612E5D003058C7 /* Assets.xcassets in Resources */ = {isa = PBXBuildFile; fileRef = 1F55ACC81B612E5D003058C7 /* Assets.xcassets */; };
		1F55ACCC1B612E5D003058C7 /* LaunchScreen.storyboard in Resources */ = {isa = PBXBuildFile; fileRef = 1F55ACCA1B612E5D003058C7 /* LaunchScreen.storyboard */; };
		1F55ACD41B615726003058C7 /* SettingsViewController.swift in Sources */ = {isa = PBXBuildFile; fileRef = 1F55ACD31B615726003058C7 /* SettingsViewController.swift */; };
		1F55ACD61B615B4B003058C7 /* API.swift in Sources */ = {isa = PBXBuildFile; fileRef = 1F55ACD51B615B4B003058C7 /* API.swift */; };
/* End PBXBuildFile section */

/* Begin PBXFileReference section */
		1F55ACBC1B612E5D003058C7 /* WLED.app */ = {isa = PBXFileReference; explicitFileType = wrapper.application; includeInIndex = 0; path = WLED.app; sourceTree = BUILT_PRODUCTS_DIR; };
		1F55ACBF1B612E5D003058C7 /* AppDelegate.swift */ = {isa = PBXFileReference; lastKnownFileType = sourcecode.swift; path = AppDelegate.swift; sourceTree = "<group>"; };
		1F55ACC11B612E5D003058C7 /* RGBViewController.swift */ = {isa = PBXFileReference; lastKnownFileType = sourcecode.swift; path = RGBViewController.swift; sourceTree = "<group>"; };
		1F55ACC31B612E5D003058C7 /* HSVViewController.swift */ = {isa = PBXFileReference; lastKnownFileType = sourcecode.swift; path = HSVViewController.swift; sourceTree = "<group>"; };
		1F55ACC61B612E5D003058C7 /* Base */ = {isa = PBXFileReference; lastKnownFileType = file.storyboard; name = Base; path = Base.lproj/Main.storyboard; sourceTree = "<group>"; };
		1F55ACC81B612E5D003058C7 /* Assets.xcassets */ = {isa = PBXFileReference; lastKnownFileType = folder.assetcatalog; path = Assets.xcassets; sourceTree = "<group>"; };
		1F55ACCB1B612E5D003058C7 /* Base */ = {isa = PBXFileReference; lastKnownFileType = file.storyboard; name = Base; path = Base.lproj/LaunchScreen.storyboard; sourceTree = "<group>"; };
		1F55ACCD1B612E5D003058C7 /* Info.plist */ = {isa = PBXFileReference; lastKnownFileType = text.plist.xml; path = Info.plist; sourceTree = "<group>"; };
		1F55ACD31B615726003058C7 /* SettingsViewController.swift */ = {isa = PBXFileReference; fileEncoding = 4; lastKnownFileType = sourcecode.swift; path = SettingsViewController.swift; sourceTree = "<group>"; };
		1F55ACD51B615B4B003058C7 /* API.swift */ = {isa = PBXFileReference; fileEncoding = 4; lastKnownFileType = sourcecode.swift; path = API.swift; sourceTree = "<group>"; };
/* End PBXFileReference section */

/* Begin PBXFrameworksBuildPhase section */
		1F55ACB91B612E5D003058C7 /* Frameworks */ = {
			isa = PBXFrameworksBuildPhase;
			buildActionMask = 2147483647;
			files = (
			);
			runOnlyForDeploymentPostprocessing = 0;
		};
/* End PBXFrameworksBuildPhase section */

/* Begin PBXGroup section */
		1F55ACB31B612E5D003058C7 = {
			isa = PBXGroup;
			children = (
				1F55ACBE1B612E5D003058C7 /* WLED */,
				1F55ACBD1B612E5D003058C7 /* Products */,
			);
			sourceTree = "<group>";
		};
		1F55ACBD1B612E5D003058C7 /* Products */ = {
			isa = PBXGroup;
			children = (
				1F55ACBC1B612E5D003058C7 /* WLED.app */,
			);
			name = Products;
			sourceTree = "<group>";
		};
		1F55ACBE1B612E5D003058C7 /* WLED */ = {
			isa = PBXGroup;
			children = (
				1F55ACD51B615B4B003058C7 /* API.swift */,
				1F55ACBF1B612E5D003058C7 /* AppDelegate.swift */,
				1F55ACC31B612E5D003058C7 /* HSVViewController.swift */,
				1F55ACC11B612E5D003058C7 /* RGBViewController.swift */,
				1F55ACD31B615726003058C7 /* SettingsViewController.swift */,
				1F55ACC51B612E5D003058C7 /* Main.storyboard */,
				1F55ACC81B612E5D003058C7 /* Assets.xcassets */,
				1F55ACCA1B612E5D003058C7 /* LaunchScreen.storyboard */,
				1F55ACCD1B612E5D003058C7 /* Info.plist */,
			);
			path = WLED;
			sourceTree = "<group>";
		};
/* End PBXGroup section */

/* Begin PBXNativeTarget section */
		1F55ACBB1B612E5D003058C7 /* WLED */ = {
			isa = PBXNativeTarget;
			buildConfigurationList = 1F55ACD01B612E5D003058C7 /* Build configuration list for PBXNativeTarget "WLED" */;
			buildPhases = (
				1F55ACB81B612E5D003058C7 /* Sources */,
				1F55ACB91B612E5D003058C7 /* Frameworks */,
				1F55ACBA1B612E5D003058C7 /* Resources */,
			);
			buildRules = (
			);
			dependencies = (
			);
			name = WLED;
			productName = WLED;
			productReference = 1F55ACBC1B612E5D003058C7 /* WLED.app */;
			productType = "com.apple.product-type.application";
		};
/* End PBXNativeTarget section */

/* Begin PBXProject section */
		1F55ACB41B612E5D003058C7 /* Project object */ = {
			isa = PBXProject;
			attributes = {
				LastUpgradeCheck = 0700;
				ORGANIZATIONNAME = "Marcel Brüggebors";
				TargetAttributes = {
					1F55ACBB1B612E5D003058C7 = {
						CreatedOnToolsVersion = 7.0;
					};
				};
			};
			buildConfigurationList = 1F55ACB71B612E5D003058C7 /* Build configuration list for PBXProject "WLED" */;
			compatibilityVersion = "Xcode 3.2";
			developmentRegion = English;
			hasScannedForEncodings = 0;
			knownRegions = (
				en,
				Base,
			);
			mainGroup = 1F55ACB31B612E5D003058C7;
			productRefGroup = 1F55ACBD1B612E5D003058C7 /* Products */;
			projectDirPath = "";
			projectRoot = "";
			targets = (
				1F55ACBB1B612E5D003058C7 /* WLED */,
			);
		};
/* End PBXProject section */

/* Begin PBXResourcesBuildPhase section */
		1F55ACBA1B612E5D003058C7 /* Resources */ = {
			isa = PBXResourcesBuildPhase;
			buildActionMask = 2147483647;
			files = (
				1F55ACCC1B612E5D003058C7 /* LaunchScreen.storyboard in Resources */,
				1F55ACC91B612E5D003058C7 /* Assets.xcassets in Resources */,
				1F55ACC71B612E5D003058C7 /* Main.storyboard in Resources */,
			);
			runOnlyForDeploymentPostprocessing = 0;
		};
/* End PBXResourcesBuildPhase section */

/* Begin PBXSourcesBuildPhase section */
		1F55ACB81B612E5D003058C7 /* Sources */ = {
			isa = PBXSourcesBuildPhase;
			buildActionMask = 2147483647;
			files = (
				1F55ACC41B612E5D003058C7 /* HSVViewController.swift in Sources */,
				1F55ACC01B612E5D003058C7 /* AppDelegate.swift in Sources */,
				1F55ACC21B612E5D003058C7 /* RGBViewController.swift in Sources */,
				1F55ACD41B615726003058C7 /* SettingsViewController.swift in Sources */,
				1F55ACD61B615B4B003058C7 /* API.swift in Sources */,
			);
			runOnlyForDeploymentPostprocessing = 0;
		};
/* End PBXSourcesBuildPhase section */

/* Begin PBXVariantGroup section */
		1F55ACC51B612E5D003058C7 /* Main.storyboard */ = {
			isa = PBXVariantGroup;
			children = (
				1F55ACC61B612E5D003058C7 /* Base */,
			);
			name = Main.storyboard;
			sourceTree = "<group>";
		};
		1F55ACCA1B612E5D003058C7 /* LaunchScreen.storyboard */ = {
			isa = PBXVariantGroup;
			children = (
				1F55ACCB1B612E5D003058C7 /* Base */,
			);
			name = LaunchScreen.storyboard;
			sourceTree = "<group>";
		};
/* End PBXVariantGroup section */

/* Begin XCBuildConfiguration section */
		1F55ACCE1B612E5D003058C7 /* Debug */ = {
			isa = XCBuildConfiguration;
			buildSettings = {
				ALWAYS_SEARCH_USER_PATHS = NO;
				CLANG_CXX_LANGUAGE_STANDARD = "gnu++0x";
				CLANG_CXX_LIBRARY = "libc++";
				CLANG_ENABLE_MODULES = YES;
				CLANG_ENABLE_OBJC_ARC = YES;
				CLANG_WARN_BOOL_CONVERSION = YES;
				CLANG_WARN_CONSTANT_CONVERSION = YES;
				CLANG_WARN_DIRECT_OBJC_ISA_USAGE = YES_ERROR;
				CLANG_WARN_EMPTY_BODY = YES;
				CLANG_WARN_ENUM_CONVERSION = YES;
				CLANG_WARN_INT_CONVERSION = YES;
				CLANG_WARN_OBJC_ROOT_CLASS = YES_ERROR;
				CLANG_WARN_UNREACHABLE_CODE = YES;
				CLANG_WARN__DUPLICATE_METHOD_MATCH = YES;
				"CODE_SIGN_IDENTITY[sdk=iphoneos*]" = "iPhone Developer";
				COPY_PHASE_STRIP = NO;
				DEBUG_INFORMATION_FORMAT = dwarf;
				ENABLE_STRICT_OBJC_MSGSEND = YES;
				ENABLE_TESTABILITY = YES;
				GCC_C_LANGUAGE_STANDARD = gnu99;
				GCC_DYNAMIC_NO_PIC = NO;
				GCC_NO_COMMON_BLOCKS = YES;
				GCC_OPTIMIZATION_LEVEL = 0;
				GCC_PREPROCESSOR_DEFINITIONS = (
					"DEBUG=1",
					"$(inherited)",
				);
				GCC_WARN_64_TO_32_BIT_CONVERSION = YES;
				GCC_WARN_ABOUT_RETURN_TYPE = YES_ERROR;
				GCC_WARN_UNDECLARED_SELECTOR = YES;
				GCC_WARN_UNINITIALIZED_AUTOS = YES_AGGRESSIVE;
				GCC_WARN_UNUSED_FUNCTION = YES;
				GCC_WARN_UNUSED_VARIABLE = YES;
				IPHONEOS_DEPLOYMENT_TARGET = 9.0;
				MTL_ENABLE_DEBUG_INFO = YES;
				ONLY_ACTIVE_ARCH = YES;
				SDKROOT = iphoneos;
				SWIFT_OPTIMIZATION_LEVEL = "-Onone";
			};
			name = Debug;
		};
		1F55ACCF1B612E5D003058C7 /* Release */ = {
			isa = XCBuildConfiguration;
			buildSettings = {
				ALWAYS_SEARCH_USER_PATHS = NO;
				CLANG_CXX_LANGUAGE_STANDARD = "gnu++0x";
				CLANG_CXX_LIBRARY = "libc++";
				CLANG_ENABLE_MODULES = YES;
				CLANG_ENABLE_OBJC_ARC = YES;
				CLANG_WARN_BOOL_CONVERSION = YES;
				CLANG_WARN_CONSTANT_CONVERSION = YES;
				CLANG_WARN_DIRECT_OBJC_ISA_USAGE = YES_ERROR;
				CLANG_WARN_EMPTY_BODY = YES;
				CLANG_WARN_ENUM_CONVERSION = YES;
				CLANG_WARN_INT_CONVERSION = YES;
				CLANG_WARN_OBJC_ROOT_CLASS = YES_ERROR;
				CLANG_WARN_UNREACHABLE_CODE = YES;
				CLANG_WARN__DUPLICATE_METHOD_MATCH = YES;
				"CODE_SIGN_IDENTITY[sdk=iphoneos*]" = "iPhone Developer";
				COPY_PHASE_STRIP = NO;
				DEBUG_INFORMATION_FORMAT = "dwarf-with-dsym";
				ENABLE_NS_ASSERTIONS = NO;
				ENABLE_STRICT_OBJC_MSGSEND = YES;
				GCC_C_LANGUAGE_STANDARD = gnu99;
				GCC_NO_COMMON_BLOCKS = YES;
				GCC_WARN_64_TO_32_BIT_CONVERSION = YES;
				GCC_WARN_ABOUT_RETURN_TYPE = YES_ERROR;
				GCC_WARN_UNDECLARED_SELECTOR = YES;
				GCC_WARN_UNINITIALIZED_AUTOS = YES_AGGRESSIVE;
				GCC_WARN_UNUSED_FUNCTION = YES;
				GCC_WARN_UNUSED_VARIABLE = YES;
				IPHONEOS_DEPLOYMENT_TARGET = 9.0;
				MTL_ENABLE_DEBUG_INFO = NO;
				SDKROOT = iphoneos;
				VALIDATE_PRODUCT = YES;
			};
			name = Release;
		};
		1F55ACD11B612E5D003058C7 /* Debug */ = {
			isa = XCBuildConfiguration;
			buildSettings = {
				ASSETCATALOG_COMPILER_APPICON_NAME = AppIcon;
				INFOPLIST_FILE = WLED/Info.plist;
				LD_RUNPATH_SEARCH_PATHS = "$(inherited) @executable_path/Frameworks";
				PRODUCT_BUNDLE_IDENTIFIER = org.nightsoul.WLED;
				PRODUCT_NAME = "$(TARGET_NAME)";
			};
			name = Debug;
		};
		1F55ACD21B612E5D003058C7 /* Release */ = {
			isa = XCBuildConfiguration;
			buildSettings = {
				ASSETCATALOG_COMPILER_APPICON_NAME = AppIcon;
				INFOPLIST_FILE = WLED/Info.plist;
				LD_RUNPATH_SEARCH_PATHS = "$(inherited) @executable_path/Frameworks";
				PRODUCT_BUNDLE_IDENTIFIER = org.nightsoul.WLED;
				PRODUCT_NAME = "$(TARGET_NAME)";
			};
			name = Release;
		};
/* End XCBuildConfiguration section */

/* Begin XCConfigurationList section */
		1F55ACB71B612E5D003058C7 /* Build configuration list for PBXProject "WLED" */ = {
			isa = XCConfigurationList;
			buildConfigurations = (
				1F55ACCE1B612E5D003058C7 /* Debug */,
				1F55ACCF1B612E5D003058C7 /* Release */,
			);
			defaultConfigurationIsVisible = 0;
			defaultConfigurationName = Release;
		};
		1F55ACD01B612E5D003058C7 /* Build configuration list for PBXNativeTarget "WLED" */ = {
			isa = XCConfigurationList;
			buildConfigurations = (
				1F55ACD11B612E5D003058C7 /* Debug */,
				1F55ACD21B612E5D003058C7 /* Release */,
			);
			defaultConfigurationIsVisible = 0;
			defaultConfigurationName = Release;
		};
/* End XCConfigurationList section */
	};
	rootObject = 1F55ACB41B612E5D003058C7 /* Project object */;
}
